
Microsoft Visual Studio Solution File, Format Version 12.00
# Visual Studio 15
VisualStudioVersion = 15.0.28010.2016
MinimumVisualStudioVersion = 10.0.40219.1
Project("{9A19103F-16F7-4668-BE54-9A1E7A4F7556}") = "MedicareForAll", "MedicareForAll.csproj", "{BF36976E-9F0F-43C5-9119-FA4C4D26F4EF}"
EndProject
Global
	GlobalSection(SolutionConfigurationPlatforms) = preSolution
		Debug|Any CPU = Debug|Any CPU
		Release|Any CPU = Release|Any CPU
	EndGlobalSection
	GlobalSection(ProjectConfigurationPlatforms) = postSolution
		{BF36976E-9F0F-43C5-9119-FA4C4D26F4EF}.Debug|Any CPU.ActiveCfg = Debug|Any CPU
		{BF36976E-9F0F-43C5-9119-FA4C4D26F4EF}.Debug|Any CPU.Build.0 = Debug|Any CPU
		{BF36976E-9F0F-43C5-9119-FA4C4D26F4EF}.Release|Any CPU.ActiveCfg = Release|Any CPU
		{BF36976E-9F0F-43C5-9119-FA4C4D26F4EF}.Release|Any CPU.Build.0 = Release|Any CPU
	EndGlobalSection
	GlobalSection(SolutionProperties) = preSolution
		HideSolutionNode = FALSE
	EndGlobalSection
	GlobalSection(ExtensibilityGlobals) = postSolution
		SolutionGuid = {C059552A-2E4B-4FCE-BEBF-1D99A6C4B595}
	EndGlobalSection
EndGlobal
